
Microsoft Visual Studio Solution File, Format Version 12.00
Project("{FAE04EC0-301F-11D3-BF4B-00C04F79EFBC}") = "DotFleet.Data.Common", "DotFleet.Data.Common\DotFleet.Data.Common.csproj", "{2A9B6437-8970-4D92-A4CB-70C9A0F6F12D}"
EndProject
Project("{FAE04EC0-301F-11D3-BF4B-00C04F79EFBC}") = "DotFleet.Data.Persistence", "DotFleet.Data.Persistence\DotFleet.Data.Persistence.csproj", "{AEA242E5-D0FA-471B-9922-403BA83F7268}"
EndProject
Global
	GlobalSection(SolutionConfigurationPlatforms) = preSolution
		Debug|Any CPU = Debug|Any CPU
		Release|Any CPU = Release|Any CPU
	EndGlobalSection
	GlobalSection(ProjectConfigurationPlatforms) = postSolution
		{2A9B6437-8970-4D92-A4CB-70C9A0F6F12D}.Debug|Any CPU.ActiveCfg = Debug|Any CPU
		{2A9B6437-8970-4D92-A4CB-70C9A0F6F12D}.Debug|Any CPU.Build.0 = Debug|Any CPU
		{2A9B6437-8970-4D92-A4CB-70C9A0F6F12D}.Release|Any CPU.ActiveCfg = Release|Any CPU
		{2A9B6437-8970-4D92-A4CB-70C9A0F6F12D}.Release|Any CPU.Build.0 = Release|Any CPU
		{AEA242E5-D0FA-471B-9922-403BA83F7268}.Debug|Any CPU.ActiveCfg = Debug|Any CPU
		{AEA242E5-D0FA-471B-9922-403BA83F7268}.Debug|Any CPU.Build.0 = Debug|Any CPU
		{AEA242E5-D0FA-471B-9922-403BA83F7268}.Release|Any CPU.ActiveCfg = Release|Any CPU
		{AEA242E5-D0FA-471B-9922-403BA83F7268}.Release|Any CPU.Build.0 = Release|Any CPU
	EndGlobalSection
EndGlobal
